
Microsoft Visual Studio Solution File, Format Version 12.00
# Visual Studio Version 17
VisualStudioVersion = 17.14.36915.13 d17.14
MinimumVisualStudioVersion = 10.0.40219.1
Project("{FAE04EC0-301F-11D3-BF4B-00C04F79EFBC}") = "Lib.MathCore", "Lib.MathCore.csproj", "{DDA4189B-3C99-45BE-5C8F-1E15442F8AE9}"
EndProject
Global
	GlobalSection(SolutionConfigurationPlatforms) = preSolution
		Debug|Any CPU = Debug|Any CPU
		Release|Any CPU = Release|Any CPU
	EndGlobalSection
	GlobalSection(ProjectConfigurationPlatforms) = postSolution
		{DDA4189B-3C99-45BE-5C8F-1E15442F8AE9}.Debug|Any CPU.ActiveCfg = Debug|Any CPU
		{DDA4189B-3C99-45BE-5C8F-1E15442F8AE9}.Debug|Any CPU.Build.0 = Debug|Any CPU
		{DDA4189B-3C99-45BE-5C8F-1E15442F8AE9}.Release|Any CPU.ActiveCfg = Release|Any CPU
		{DDA4189B-3C99-45BE-5C8F-1E15442F8AE9}.Release|Any CPU.Build.0 = Release|Any CPU
	EndGlobalSection
	GlobalSection(SolutionProperties) = preSolution
		HideSolutionNode = FALSE
	EndGlobalSection
	GlobalSection(ExtensibilityGlobals) = postSolution
		SolutionGuid = {83B03FB6-2435-46D1-BB94-E51592A5CFE0}
	EndGlobalSection
EndGlobal
