
Microsoft Visual Studio Solution File, Format Version 12.00
# Visual Studio Version 17
VisualStudioVersion = 17.14.36915.13 d17.14
MinimumVisualStudioVersion = 10.0.40219.1
Project("{FAE04EC0-301F-11D3-BF4B-00C04F79EFBC}") = "Lib.Sampling.Tests", "Lib.Sampling.Tests.csproj", "{093FEF30-AE6C-169B-1EFA-89A21A3DAF7B}"
EndProject
Global
	GlobalSection(SolutionConfigurationPlatforms) = preSolution
		Debug|Any CPU = Debug|Any CPU
		Release|Any CPU = Release|Any CPU
	EndGlobalSection
	GlobalSection(ProjectConfigurationPlatforms) = postSolution
		{093FEF30-AE6C-169B-1EFA-89A21A3DAF7B}.Debug|Any CPU.ActiveCfg = Debug|Any CPU
		{093FEF30-AE6C-169B-1EFA-89A21A3DAF7B}.Debug|Any CPU.Build.0 = Debug|Any CPU
		{093FEF30-AE6C-169B-1EFA-89A21A3DAF7B}.Release|Any CPU.ActiveCfg = Release|Any CPU
		{093FEF30-AE6C-169B-1EFA-89A21A3DAF7B}.Release|Any CPU.Build.0 = Release|Any CPU
	EndGlobalSection
	GlobalSection(SolutionProperties) = preSolution
		HideSolutionNode = FALSE
	EndGlobalSection
	GlobalSection(ExtensibilityGlobals) = postSolution
		SolutionGuid = {8CBAA385-2DF8-4775-98F7-BFF077919215}
	EndGlobalSection
EndGlobal
